
Microsoft Visual Studio Solution File, Format Version 12.00
# Visual Studio Version 16
VisualStudioVersion = 16.0.810.16
MinimumVisualStudioVersion = 10.0.40219.1
Project("{FAE04EC0-301F-11D3-BF4B-00C04F79EFBC}") = "Mission2", "Mission2\Mission2.csproj", "{357066A7-4F55-460E-9F5E-9991190DB191}"
EndProject
Global
	GlobalSection(SolutionConfigurationPlatforms) = preSolution
		Debug|Any CPU = Debug|Any CPU
		Release|Any CPU = Release|Any CPU
	EndGlobalSection
	GlobalSection(ProjectConfigurationPlatforms) = postSolution
		{357066A7-4F55-460E-9F5E-9991190DB191}.Debug|Any CPU.ActiveCfg = Debug|Any CPU
		{357066A7-4F55-460E-9F5E-9991190DB191}.Debug|Any CPU.Build.0 = Debug|Any CPU
		{357066A7-4F55-460E-9F5E-9991190DB191}.Release|Any CPU.ActiveCfg = Release|Any CPU
		{357066A7-4F55-460E-9F5E-9991190DB191}.Release|Any CPU.Build.0 = Release|Any CPU
	EndGlobalSection
	GlobalSection(SolutionProperties) = preSolution
		HideSolutionNode = FALSE
	EndGlobalSection
	GlobalSection(ExtensibilityGlobals) = postSolution
		SolutionGuid = {D5372E85-FCB8-4E58-912F-A4461D5FB53E}
	EndGlobalSection
EndGlobal
